// !$*UTF8*$!
{
	archiveVersion = 1;
	classes = {
	};
	objectVersion = 56;
	objects = {

/* Begin PBXBuildFile section */
		1F4DCEE52A6B6BBC009BD829 /* WalkiePokieApp.swift in Sources */ = {isa = PBXBuildFile; fileRef = 1F4DCEE42A6B6BBC009BD829 /* WalkiePokieApp.swift */; };
		1F4DCEE72A6B6BBC009BD829 /* ContentView.swift in Sources */ = {isa = PBXBuildFile; fileRef = 1F4DCEE62A6B6BBC009BD829 /* ContentView.swift */; };
		1F4DCEE92A6B6BBD009BD829 /* Assets.xcassets in Resources */ = {isa = PBXBuildFile; fileRef = 1F4DCEE82A6B6BBD009BD829 /* Assets.xcassets */; };
		1F4DCEEC2A6B6BBD009BD829 /* Preview Assets.xcassets in Resources */ = {isa = PBXBuildFile; fileRef = 1F4DCEEB2A6B6BBD009BD829 /* Preview Assets.xcassets */; };
		1F4DCEF62A6B6BBD009BD829 /* WalkiePokieTests.swift in Sources */ = {isa = PBXBuildFile; fileRef = 1F4DCEF52A6B6BBD009BD829 /* WalkiePokieTests.swift */; };
		1F4DCF002A6B6BBD009BD829 /* WalkiePokieUITests.swift in Sources */ = {isa = PBXBuildFile; fileRef = 1F4DCEFF2A6B6BBD009BD829 /* WalkiePokieUITests.swift */; };
		1F4DCF022A6B6BBD009BD829 /* WalkiePokieUITestsLaunchTests.swift in Sources */ = {isa = PBXBuildFile; fileRef = 1F4DCF012A6B6BBD009BD829 /* WalkiePokieUITestsLaunchTests.swift */; };
		1F4DCF122A6B7038009BD829 /* Color.swift in Sources */ = {isa = PBXBuildFile; fileRef = 1F4DCF112A6B7038009BD829 /* Color.swift */; };
		1F4DCF152A6B7481009BD829 /* ArcGIS in Frameworks */ = {isa = PBXBuildFile; productRef = 1F4DCF142A6B7481009BD829 /* ArcGIS */; };
		1F4DCF172A6B74F0009BD829 /* ModelMap.swift in Sources */ = {isa = PBXBuildFile; fileRef = 1F4DCF162A6B74F0009BD829 /* ModelMap.swift */; };
		1F4DCF1B2A6B86CA009BD829 /* SplashScreen.swift in Sources */ = {isa = PBXBuildFile; fileRef = 1F4DCF1A2A6B86CA009BD829 /* SplashScreen.swift */; };
		1F4DCF282A6B8A16009BD829 /* FontsManager.swift in Sources */ = {isa = PBXBuildFile; fileRef = 1F4DCF272A6B8A16009BD829 /* FontsManager.swift */; };
		1F4DCF302A6B8C46009BD829 /* Montserrat-Regular.ttf in Resources */ = {isa = PBXBuildFile; fileRef = 1F4DCF2E2A6B8C46009BD829 /* Montserrat-Regular.ttf */; };
		1F4DCF312A6B8C46009BD829 /* Montserrat-Bold.ttf in Resources */ = {isa = PBXBuildFile; fileRef = 1F4DCF2F2A6B8C46009BD829 /* Montserrat-Bold.ttf */; };
		1F4DCF332A6B8CBF009BD829 /* OFL.txt in Resources */ = {isa = PBXBuildFile; fileRef = 1F4DCF322A6B8CBF009BD829 /* OFL.txt */; };
		1F4DCF382A6C4439009BD829 /* BottomSheetViewModifier.swift in Sources */ = {isa = PBXBuildFile; fileRef = 1F4DCF372A6C4439009BD829 /* BottomSheetViewModifier.swift */; };
		1F4DCF3A2A6C4AA1009BD829 /* SearchResultsView.swift in Sources */ = {isa = PBXBuildFile; fileRef = 1F4DCF392A6C4AA1009BD829 /* SearchResultsView.swift */; };
		1F4DCF3C2A6C4AC8009BD829 /* Suggestions.swift in Sources */ = {isa = PBXBuildFile; fileRef = 1F4DCF3B2A6C4AC8009BD829 /* Suggestions.swift */; };
		1F4DCF402A6C5133009BD829 /* Home.swift in Sources */ = {isa = PBXBuildFile; fileRef = 1F4DCF3F2A6C5133009BD829 /* Home.swift */; };
		1F4DCF452A6C6DBB009BD829 /* LocationManager.swift in Sources */ = {isa = PBXBuildFile; fileRef = 1F4DCF442A6C6DBB009BD829 /* LocationManager.swift */; };
		1F4DCF472A6CB307009BD829 /* MapRoute.swift in Sources */ = {isa = PBXBuildFile; fileRef = 1F4DCF462A6CB307009BD829 /* MapRoute.swift */; };
		1FEA9F112A6CE4F200ECE56D /* SDWebImageSwiftUI in Frameworks */ = {isa = PBXBuildFile; productRef = 1FEA9F102A6CE4F200ECE56D /* SDWebImageSwiftUI */; };
		1FEA9F152A6D830F00ECE56D /* WebView.swift in Sources */ = {isa = PBXBuildFile; fileRef = 1FEA9F142A6D830F00ECE56D /* WebView.swift */; };
/* End PBXBuildFile section */

/* Begin PBXContainerItemProxy section */
		1F4DCEF22A6B6BBD009BD829 /* PBXContainerItemProxy */ = {
			isa = PBXContainerItemProxy;
			containerPortal = 1F4DCED92A6B6BBC009BD829 /* Project object */;
			proxyType = 1;
			remoteGlobalIDString = 1F4DCEE02A6B6BBC009BD829;
			remoteInfo = WalkiePokie;
		};
		1F4DCEFC2A6B6BBD009BD829 /* PBXContainerItemProxy */ = {
			isa = PBXContainerItemProxy;
			containerPortal = 1F4DCED92A6B6BBC009BD829 /* Project object */;
			proxyType = 1;
			remoteGlobalIDString = 1F4DCEE02A6B6BBC009BD829;
			remoteInfo = WalkiePokie;
		};
/* End PBXContainerItemProxy section */

/* Begin PBXFileReference section */
		1F4DCEE12A6B6BBC009BD829 /* WalkiePokie.app */ = {isa = PBXFileReference; explicitFileType = wrapper.application; includeInIndex = 0; path = WalkiePokie.app; sourceTree = BUILT_PRODUCTS_DIR; };
		1F4DCEE42A6B6BBC009BD829 /* WalkiePokieApp.swift */ = {isa = PBXFileReference; lastKnownFileType = sourcecode.swift; path = WalkiePokieApp.swift; sourceTree = "<group>"; };
		1F4DCEE62A6B6BBC009BD829 /* ContentView.swift */ = {isa = PBXFileReference; lastKnownFileType = sourcecode.swift; path = ContentView.swift; sourceTree = "<group>"; };
		1F4DCEE82A6B6BBD009BD829 /* Assets.xcassets */ = {isa = PBXFileReference; lastKnownFileType = folder.assetcatalog; path = Assets.xcassets; sourceTree = "<group>"; };
		1F4DCEEB2A6B6BBD009BD829 /* Preview Assets.xcassets */ = {isa = PBXFileReference; lastKnownFileType = folder.assetcatalog; path = "Preview Assets.xcassets"; sourceTree = "<group>"; };
		1F4DCEF12A6B6BBD009BD829 /* WalkiePokieTests.xctest */ = {isa = PBXFileReference; explicitFileType = wrapper.cfbundle; includeInIndex = 0; path = WalkiePokieTests.xctest; sourceTree = BUILT_PRODUCTS_DIR; };
		1F4DCEF52A6B6BBD009BD829 /* WalkiePokieTests.swift */ = {isa = PBXFileReference; lastKnownFileType = sourcecode.swift; path = WalkiePokieTests.swift; sourceTree = "<group>"; };
		1F4DCEFB2A6B6BBD009BD829 /* WalkiePokieUITests.xctest */ = {isa = PBXFileReference; explicitFileType = wrapper.cfbundle; includeInIndex = 0; path = WalkiePokieUITests.xctest; sourceTree = BUILT_PRODUCTS_DIR; };
		1F4DCEFF2A6B6BBD009BD829 /* WalkiePokieUITests.swift */ = {isa = PBXFileReference; lastKnownFileType = sourcecode.swift; path = WalkiePokieUITests.swift; sourceTree = "<group>"; };
		1F4DCF012A6B6BBD009BD829 /* WalkiePokieUITestsLaunchTests.swift */ = {isa = PBXFileReference; lastKnownFileType = sourcecode.swift; path = WalkiePokieUITestsLaunchTests.swift; sourceTree = "<group>"; };
		1F4DCF112A6B7038009BD829 /* Color.swift */ = {isa = PBXFileReference; lastKnownFileType = sourcecode.swift; path = Color.swift; sourceTree = "<group>"; };
		1F4DCF162A6B74F0009BD829 /* ModelMap.swift */ = {isa = PBXFileReference; lastKnownFileType = sourcecode.swift; path = ModelMap.swift; sourceTree = "<group>"; };
		1F4DCF1A2A6B86CA009BD829 /* SplashScreen.swift */ = {isa = PBXFileReference; lastKnownFileType = sourcecode.swift; path = SplashScreen.swift; sourceTree = "<group>"; };
		1F4DCF272A6B8A16009BD829 /* FontsManager.swift */ = {isa = PBXFileReference; lastKnownFileType = sourcecode.swift; path = FontsManager.swift; sourceTree = "<group>"; };
		1F4DCF292A6B8B34009BD829 /* Info.plist */ = {isa = PBXFileReference; lastKnownFileType = text.plist; path = Info.plist; sourceTree = "<group>"; };
		1F4DCF2E2A6B8C46009BD829 /* Montserrat-Regular.ttf */ = {isa = PBXFileReference; lastKnownFileType = file; path = "Montserrat-Regular.ttf"; sourceTree = "<group>"; };
		1F4DCF2F2A6B8C46009BD829 /* Montserrat-Bold.ttf */ = {isa = PBXFileReference; lastKnownFileType = file; path = "Montserrat-Bold.ttf"; sourceTree = "<group>"; };
		1F4DCF322A6B8CBF009BD829 /* OFL.txt */ = {isa = PBXFileReference; fileEncoding = 4; lastKnownFileType = text; path = OFL.txt; sourceTree = "<group>"; };
		1F4DCF372A6C4439009BD829 /* BottomSheetViewModifier.swift */ = {isa = PBXFileReference; lastKnownFileType = sourcecode.swift; path = BottomSheetViewModifier.swift; sourceTree = "<group>"; };
		1F4DCF392A6C4AA1009BD829 /* SearchResultsView.swift */ = {isa = PBXFileReference; lastKnownFileType = sourcecode.swift; path = SearchResultsView.swift; sourceTree = "<group>"; };
		1F4DCF3B2A6C4AC8009BD829 /* Suggestions.swift */ = {isa = PBXFileReference; lastKnownFileType = sourcecode.swift; path = Suggestions.swift; sourceTree = "<group>"; };
		1F4DCF3F2A6C5133009BD829 /* Home.swift */ = {isa = PBXFileReference; lastKnownFileType = sourcecode.swift; path = Home.swift; sourceTree = "<group>"; };
		1F4DCF442A6C6DBB009BD829 /* LocationManager.swift */ = {isa = PBXFileReference; lastKnownFileType = sourcecode.swift; path = LocationManager.swift; sourceTree = "<group>"; };
		1F4DCF462A6CB307009BD829 /* MapRoute.swift */ = {isa = PBXFileReference; lastKnownFileType = sourcecode.swift; path = MapRoute.swift; sourceTree = "<group>"; };
		1FEA9F142A6D830F00ECE56D /* WebView.swift */ = {isa = PBXFileReference; lastKnownFileType = sourcecode.swift; path = WebView.swift; sourceTree = "<group>"; };
/* End PBXFileReference section */

/* Begin PBXFrameworksBuildPhase section */
		1F4DCEDE2A6B6BBC009BD829 /* Frameworks */ = {
			isa = PBXFrameworksBuildPhase;
			buildActionMask = 2147483647;
			files = (
				1FEA9F112A6CE4F200ECE56D /* SDWebImageSwiftUI in Frameworks */,
				1F4DCF152A6B7481009BD829 /* ArcGIS in Frameworks */,
			);
			runOnlyForDeploymentPostprocessing = 0;
		};
		1F4DCEEE2A6B6BBD009BD829 /* Frameworks */ = {
			isa = PBXFrameworksBuildPhase;
			buildActionMask = 2147483647;
			files = (
			);
			runOnlyForDeploymentPostprocessing = 0;
		};
		1F4DCEF82A6B6BBD009BD829 /* Frameworks */ = {
			isa = PBXFrameworksBuildPhase;
			buildActionMask = 2147483647;
			files = (
			);
			runOnlyForDeploymentPostprocessing = 0;
		};
/* End PBXFrameworksBuildPhase section */

/* Begin PBXGroup section */
		1F4DCED82A6B6BBC009BD829 = {
			isa = PBXGroup;
			children = (
				1F4DCEE32A6B6BBC009BD829 /* WalkiePokie */,
				1F4DCEF42A6B6BBD009BD829 /* WalkiePokieTests */,
				1F4DCEFE2A6B6BBD009BD829 /* WalkiePokieUITests */,
				1F4DCEE22A6B6BBC009BD829 /* Products */,
			);
			sourceTree = "<group>";
		};
		1F4DCEE22A6B6BBC009BD829 /* Products */ = {
			isa = PBXGroup;
			children = (
				1F4DCEE12A6B6BBC009BD829 /* WalkiePokie.app */,
				1F4DCEF12A6B6BBD009BD829 /* WalkiePokieTests.xctest */,
				1F4DCEFB2A6B6BBD009BD829 /* WalkiePokieUITests.xctest */,
			);
			name = Products;
			sourceTree = "<group>";
		};
		1F4DCEE32A6B6BBC009BD829 /* WalkiePokie */ = {
			isa = PBXGroup;
			children = (
				1F4DCF292A6B8B34009BD829 /* Info.plist */,
				1F4DCF1C2A6B88ED009BD829 /* Fonts */,
				1F4DCF0E2A6B6FFD009BD829 /* Extensions */,
				1F4DCF342A6B8D2B009BD829 /* SplashScreen */,
				1F4DCF412A6C65BB009BD829 /* Home */,
				1F4DCF432A6C6DAB009BD829 /* LocationManager */,
				1F4DCF422A6C65D7009BD829 /* SearchView */,
				1F4DCF3B2A6C4AC8009BD829 /* Suggestions.swift */,
				1F4DCEE42A6B6BBC009BD829 /* WalkiePokieApp.swift */,
				1F4DCEE62A6B6BBC009BD829 /* ContentView.swift */,
				1F4DCF162A6B74F0009BD829 /* ModelMap.swift */,
				1F4DCF462A6CB307009BD829 /* MapRoute.swift */,
				1FEA9F142A6D830F00ECE56D /* WebView.swift */,
				1F4DCF372A6C4439009BD829 /* BottomSheetViewModifier.swift */,
				1F4DCEE82A6B6BBD009BD829 /* Assets.xcassets */,
				1F4DCEEA2A6B6BBD009BD829 /* Preview Content */,
			);
			path = WalkiePokie;
			sourceTree = "<group>";
		};
		1F4DCEEA2A6B6BBD009BD829 /* Preview Content */ = {
			isa = PBXGroup;
			children = (
				1F4DCEEB2A6B6BBD009BD829 /* Preview Assets.xcassets */,
			);
			path = "Preview Content";
			sourceTree = "<group>";
		};
		1F4DCEF42A6B6BBD009BD829 /* WalkiePokieTests */ = {
			isa = PBXGroup;
			children = (
				1F4DCEF52A6B6BBD009BD829 /* WalkiePokieTests.swift */,
			);
			path = WalkiePokieTests;
			sourceTree = "<group>";
		};
		1F4DCEFE2A6B6BBD009BD829 /* WalkiePokieUITests */ = {
			isa = PBXGroup;
			children = (
				1F4DCEFF2A6B6BBD009BD829 /* WalkiePokieUITests.swift */,
				1F4DCF012A6B6BBD009BD829 /* WalkiePokieUITestsLaunchTests.swift */,
			);
			path = WalkiePokieUITests;
			sourceTree = "<group>";
		};
		1F4DCF0E2A6B6FFD009BD829 /* Extensions */ = {
			isa = PBXGroup;
			children = (
				1F4DCF112A6B7038009BD829 /* Color.swift */,
			);
			path = Extensions;
			sourceTree = "<group>";
		};
		1F4DCF1C2A6B88ED009BD829 /* Fonts */ = {
			isa = PBXGroup;
			children = (
				1F4DCF2F2A6B8C46009BD829 /* Montserrat-Bold.ttf */,
				1F4DCF2E2A6B8C46009BD829 /* Montserrat-Regular.ttf */,
				1F4DCF322A6B8CBF009BD829 /* OFL.txt */,
				1F4DCF272A6B8A16009BD829 /* FontsManager.swift */,
			);
			path = Fonts;
			sourceTree = "<group>";
		};
		1F4DCF342A6B8D2B009BD829 /* SplashScreen */ = {
			isa = PBXGroup;
			children = (
				1F4DCF1A2A6B86CA009BD829 /* SplashScreen.swift */,
			);
			path = SplashScreen;
			sourceTree = "<group>";
		};
		1F4DCF412A6C65BB009BD829 /* Home */ = {
			isa = PBXGroup;
			children = (
				1F4DCF3F2A6C5133009BD829 /* Home.swift */,
			);
			path = Home;
			sourceTree = "<group>";
		};
		1F4DCF422A6C65D7009BD829 /* SearchView */ = {
			isa = PBXGroup;
			children = (
				1F4DCF392A6C4AA1009BD829 /* SearchResultsView.swift */,
			);
			path = SearchView;
			sourceTree = "<group>";
		};
		1F4DCF432A6C6DAB009BD829 /* LocationManager */ = {
			isa = PBXGroup;
			children = (
				1F4DCF442A6C6DBB009BD829 /* LocationManager.swift */,
			);
			path = LocationManager;
			sourceTree = "<group>";
		};
/* End PBXGroup section */

/* Begin PBXNativeTarget section */
		1F4DCEE02A6B6BBC009BD829 /* WalkiePokie */ = {
			isa = PBXNativeTarget;
			buildConfigurationList = 1F4DCF052A6B6BBD009BD829 /* Build configuration list for PBXNativeTarget "WalkiePokie" */;
			buildPhases = (
				1F4DCEDD2A6B6BBC009BD829 /* Sources */,
				1F4DCEDE2A6B6BBC009BD829 /* Frameworks */,
				1F4DCEDF2A6B6BBC009BD829 /* Resources */,
			);
			buildRules = (
			);
			dependencies = (
			);
			name = WalkiePokie;
			packageProductDependencies = (
				1F4DCF142A6B7481009BD829 /* ArcGIS */,
				1FEA9F102A6CE4F200ECE56D /* SDWebImageSwiftUI */,
			);
			productName = WalkiePokie;
			productReference = 1F4DCEE12A6B6BBC009BD829 /* WalkiePokie.app */;
			productType = "com.apple.product-type.application";
		};
		1F4DCEF02A6B6BBD009BD829 /* WalkiePokieTests */ = {
			isa = PBXNativeTarget;
			buildConfigurationList = 1F4DCF082A6B6BBD009BD829 /* Build configuration list for PBXNativeTarget "WalkiePokieTests" */;
			buildPhases = (
				1F4DCEED2A6B6BBD009BD829 /* Sources */,
				1F4DCEEE2A6B6BBD009BD829 /* Frameworks */,
				1F4DCEEF2A6B6BBD009BD829 /* Resources */,
			);
			buildRules = (
			);
			dependencies = (
				1F4DCEF32A6B6BBD009BD829 /* PBXTargetDependency */,
			);
			name = WalkiePokieTests;
			productName = WalkiePokieTests;
			productReference = 1F4DCEF12A6B6BBD009BD829 /* WalkiePokieTests.xctest */;
			productType = "com.apple.product-type.bundle.unit-test";
		};
		1F4DCEFA2A6B6BBD009BD829 /* WalkiePokieUITests */ = {
			isa = PBXNativeTarget;
			buildConfigurationList = 1F4DCF0B2A6B6BBD009BD829 /* Build configuration list for PBXNativeTarget "WalkiePokieUITests" */;
			buildPhases = (
				1F4DCEF72A6B6BBD009BD829 /* Sources */,
				1F4DCEF82A6B6BBD009BD829 /* Frameworks */,
				1F4DCEF92A6B6BBD009BD829 /* Resources */,
			);
			buildRules = (
			);
			dependencies = (
				1F4DCEFD2A6B6BBD009BD829 /* PBXTargetDependency */,
			);
			name = WalkiePokieUITests;
			productName = WalkiePokieUITests;
			productReference = 1F4DCEFB2A6B6BBD009BD829 /* WalkiePokieUITests.xctest */;
			productType = "com.apple.product-type.bundle.ui-testing";
		};
/* End PBXNativeTarget section */

/* Begin PBXProject section */
		1F4DCED92A6B6BBC009BD829 /* Project object */ = {
			isa = PBXProject;
			attributes = {
				BuildIndependentTargetsInParallel = 1;
				LastSwiftUpdateCheck = 1430;
				LastUpgradeCheck = 1430;
				TargetAttributes = {
					1F4DCEE02A6B6BBC009BD829 = {
						CreatedOnToolsVersion = 14.3.1;
					};
					1F4DCEF02A6B6BBD009BD829 = {
						CreatedOnToolsVersion = 14.3.1;
						TestTargetID = 1F4DCEE02A6B6BBC009BD829;
					};
					1F4DCEFA2A6B6BBD009BD829 = {
						CreatedOnToolsVersion = 14.3.1;
						TestTargetID = 1F4DCEE02A6B6BBC009BD829;
					};
				};
			};
			buildConfigurationList = 1F4DCEDC2A6B6BBC009BD829 /* Build configuration list for PBXProject "WalkiePokie" */;
			compatibilityVersion = "Xcode 14.0";
			developmentRegion = en;
			hasScannedForEncodings = 0;
			knownRegions = (
				en,
				Base,
			);
			mainGroup = 1F4DCED82A6B6BBC009BD829;
			packageReferences = (
				1F4DCF132A6B7481009BD829 /* XCRemoteSwiftPackageReference "arcgis-maps-sdk-swift" */,
				1FEA9F0F2A6CE4F200ECE56D /* XCRemoteSwiftPackageReference "SDWebImageSwiftUI" */,
			);
			productRefGroup = 1F4DCEE22A6B6BBC009BD829 /* Products */;
			projectDirPath = "";
			projectRoot = "";
			targets = (
				1F4DCEE02A6B6BBC009BD829 /* WalkiePokie */,
				1F4DCEF02A6B6BBD009BD829 /* WalkiePokieTests */,
				1F4DCEFA2A6B6BBD009BD829 /* WalkiePokieUITests */,
			);
		};
/* End PBXProject section */

/* Begin PBXResourcesBuildPhase section */
		1F4DCEDF2A6B6BBC009BD829 /* Resources */ = {
			isa = PBXResourcesBuildPhase;
			buildActionMask = 2147483647;
			files = (
				1F4DCF332A6B8CBF009BD829 /* OFL.txt in Resources */,
				1F4DCF312A6B8C46009BD829 /* Montserrat-Bold.ttf in Resources */,
				1F4DCF302A6B8C46009BD829 /* Montserrat-Regular.ttf in Resources */,
				1F4DCEEC2A6B6BBD009BD829 /* Preview Assets.xcassets in Resources */,
				1F4DCEE92A6B6BBD009BD829 /* Assets.xcassets in Resources */,
			);
			runOnlyForDeploymentPostprocessing = 0;
		};
		1F4DCEEF2A6B6BBD009BD829 /* Resources */ = {
			isa = PBXResourcesBuildPhase;
			buildActionMask = 2147483647;
			files = (
			);
			runOnlyForDeploymentPostprocessing = 0;
		};
		1F4DCEF92A6B6BBD009BD829 /* Resources */ = {
			isa = PBXResourcesBuildPhase;
			buildActionMask = 2147483647;
			files = (
			);
			runOnlyForDeploymentPostprocessing = 0;
		};
/* End PBXResourcesBuildPhase section */

/* Begin PBXSourcesBuildPhase section */
		1F4DCEDD2A6B6BBC009BD829 /* Sources */ = {
			isa = PBXSourcesBuildPhase;
			buildActionMask = 2147483647;
			files = (
				1F4DCF382A6C4439009BD829 /* BottomSheetViewModifier.swift in Sources */,
				1F4DCF3C2A6C4AC8009BD829 /* Suggestions.swift in Sources */,
				1FEA9F152A6D830F00ECE56D /* WebView.swift in Sources */,
				1F4DCF3A2A6C4AA1009BD829 /* SearchResultsView.swift in Sources */,
				1F4DCF452A6C6DBB009BD829 /* LocationManager.swift in Sources */,
				1F4DCF402A6C5133009BD829 /* Home.swift in Sources */,
				1F4DCF282A6B8A16009BD829 /* FontsManager.swift in Sources */,
				1F4DCF1B2A6B86CA009BD829 /* SplashScreen.swift in Sources */,
				1F4DCF172A6B74F0009BD829 /* ModelMap.swift in Sources */,
				1F4DCEE72A6B6BBC009BD829 /* ContentView.swift in Sources */,
				1F4DCEE52A6B6BBC009BD829 /* WalkiePokieApp.swift in Sources */,
				1F4DCF472A6CB307009BD829 /* MapRoute.swift in Sources */,
				1F4DCF122A6B7038009BD829 /* Color.swift in Sources */,
			);
			runOnlyForDeploymentPostprocessing = 0;
		};
		1F4DCEED2A6B6BBD009BD829 /* Sources */ = {
			isa = PBXSourcesBuildPhase;
			buildActionMask = 2147483647;
			files = (
				1F4DCEF62A6B6BBD009BD829 /* WalkiePokieTests.swift in Sources */,
			);
			runOnlyForDeploymentPostprocessing = 0;
		};
		1F4DCEF72A6B6BBD009BD829 /* Sources */ = {
			isa = PBXSourcesBuildPhase;
			buildActionMask = 2147483647;
			files = (
				1F4DCF022A6B6BBD009BD829 /* WalkiePokieUITestsLaunchTests.swift in Sources */,
				1F4DCF002A6B6BBD009BD829 /* WalkiePokieUITests.swift in Sources */,
			);
			runOnlyForDeploymentPostprocessing = 0;
		};
/* End PBXSourcesBuildPhase section */

/* Begin PBXTargetDependency section */
		1F4DCEF32A6B6BBD009BD829 /* PBXTargetDependency */ = {
			isa = PBXTargetDependency;
			target = 1F4DCEE02A6B6BBC009BD829 /* WalkiePokie */;
			targetProxy = 1F4DCEF22A6B6BBD009BD829 /* PBXContainerItemProxy */;
		};
		1F4DCEFD2A6B6BBD009BD829 /* PBXTargetDependency */ = {
			isa = PBXTargetDependency;
			target = 1F4DCEE02A6B6BBC009BD829 /* WalkiePokie */;
			targetProxy = 1F4DCEFC2A6B6BBD009BD829 /* PBXContainerItemProxy */;
		};
/* End PBXTargetDependency section */

/* Begin XCBuildConfiguration section */
		1F4DCF032A6B6BBD009BD829 /* Debug */ = {
			isa = XCBuildConfiguration;
			buildSettings = {
				ALWAYS_SEARCH_USER_PATHS = NO;
				CLANG_ANALYZER_NONNULL = YES;
				CLANG_ANALYZER_NUMBER_OBJECT_CONVERSION = YES_AGGRESSIVE;
				CLANG_CXX_LANGUAGE_STANDARD = "gnu++20";
				CLANG_ENABLE_MODULES = YES;
				CLANG_ENABLE_OBJC_ARC = YES;
				CLANG_ENABLE_OBJC_WEAK = YES;
				CLANG_WARN_BLOCK_CAPTURE_AUTORELEASING = YES;
				CLANG_WARN_BOOL_CONVERSION = YES;
				CLANG_WARN_COMMA = YES;
				CLANG_WARN_CONSTANT_CONVERSION = YES;
				CLANG_WARN_DEPRECATED_OBJC_IMPLEMENTATIONS = YES;
				CLANG_WARN_DIRECT_OBJC_ISA_USAGE = YES_ERROR;
				CLANG_WARN_DOCUMENTATION_COMMENTS = YES;
				CLANG_WARN_EMPTY_BODY = YES;
				CLANG_WARN_ENUM_CONVERSION = YES;
				CLANG_WARN_INFINITE_RECURSION = YES;
				CLANG_WARN_INT_CONVERSION = YES;
				CLANG_WARN_NON_LITERAL_NULL_CONVERSION = YES;
				CLANG_WARN_OBJC_IMPLICIT_RETAIN_SELF = YES;
				CLANG_WARN_OBJC_LITERAL_CONVERSION = YES;
				CLANG_WARN_OBJC_ROOT_CLASS = YES_ERROR;
				CLANG_WARN_QUOTED_INCLUDE_IN_FRAMEWORK_HEADER = YES;
				CLANG_WARN_RANGE_LOOP_ANALYSIS = YES;
				CLANG_WARN_STRICT_PROTOTYPES = YES;
				CLANG_WARN_SUSPICIOUS_MOVE = YES;
				CLANG_WARN_UNGUARDED_AVAILABILITY = YES_AGGRESSIVE;
				CLANG_WARN_UNREACHABLE_CODE = YES;
				CLANG_WARN__DUPLICATE_METHOD_MATCH = YES;
				COPY_PHASE_STRIP = NO;
				DEBUG_INFORMATION_FORMAT = dwarf;
				ENABLE_STRICT_OBJC_MSGSEND = YES;
				ENABLE_TESTABILITY = YES;
				GCC_C_LANGUAGE_STANDARD = gnu11;
				GCC_DYNAMIC_NO_PIC = NO;
				GCC_NO_COMMON_BLOCKS = YES;
				GCC_OPTIMIZATION_LEVEL = 0;
				GCC_PREPROCESSOR_DEFINITIONS = (
					"DEBUG=1",
					"$(inherited)",
				);
				GCC_WARN_64_TO_32_BIT_CONVERSION = YES;
				GCC_WARN_ABOUT_RETURN_TYPE = YES_ERROR;
				GCC_WARN_UNDECLARED_SELECTOR = YES;
				GCC_WARN_UNINITIALIZED_AUTOS = YES_AGGRESSIVE;
				GCC_WARN_UNUSED_FUNCTION = YES;
				GCC_WARN_UNUSED_VARIABLE = YES;
				IPHONEOS_DEPLOYMENT_TARGET = 16.4;
				MTL_ENABLE_DEBUG_INFO = INCLUDE_SOURCE;
				MTL_FAST_MATH = YES;
				ONLY_ACTIVE_ARCH = YES;
				SDKROOT = iphoneos;
				SWIFT_ACTIVE_COMPILATION_CONDITIONS = DEBUG;
				SWIFT_OPTIMIZATION_LEVEL = "-Onone";
			};
			name = Debug;
		};
		1F4DCF042A6B6BBD009BD829 /* Release */ = {
			isa = XCBuildConfiguration;
			buildSettings = {
				ALWAYS_SEARCH_USER_PATHS = NO;
				CLANG_ANALYZER_NONNULL = YES;
				CLANG_ANALYZER_NUMBER_OBJECT_CONVERSION = YES_AGGRESSIVE;
				CLANG_CXX_LANGUAGE_STANDARD = "gnu++20";
				CLANG_ENABLE_MODULES = YES;
				CLANG_ENABLE_OBJC_ARC = YES;
				CLANG_ENABLE_OBJC_WEAK = YES;
				CLANG_WARN_BLOCK_CAPTURE_AUTORELEASING = YES;
				CLANG_WARN_BOOL_CONVERSION = YES;
				CLANG_WARN_COMMA = YES;
				CLANG_WARN_CONSTANT_CONVERSION = YES;
				CLANG_WARN_DEPRECATED_OBJC_IMPLEMENTATIONS = YES;
				CLANG_WARN_DIRECT_OBJC_ISA_USAGE = YES_ERROR;
				CLANG_WARN_DOCUMENTATION_COMMENTS = YES;
				CLANG_WARN_EMPTY_BODY = YES;
				CLANG_WARN_ENUM_CONVERSION = YES;
				CLANG_WARN_INFINITE_RECURSION = YES;
				CLANG_WARN_INT_CONVERSION = YES;
				CLANG_WARN_NON_LITERAL_NULL_CONVERSION = YES;
				CLANG_WARN_OBJC_IMPLICIT_RETAIN_SELF = YES;
				CLANG_WARN_OBJC_LITERAL_CONVERSION = YES;
				CLANG_WARN_OBJC_ROOT_CLASS = YES_ERROR;
				CLANG_WARN_QUOTED_INCLUDE_IN_FRAMEWORK_HEADER = YES;
				CLANG_WARN_RANGE_LOOP_ANALYSIS = YES;
				CLANG_WARN_STRICT_PROTOTYPES = YES;
				CLANG_WARN_SUSPICIOUS_MOVE = YES;
				CLANG_WARN_UNGUARDED_AVAILABILITY = YES_AGGRESSIVE;
				CLANG_WARN_UNREACHABLE_CODE = YES;
				CLANG_WARN__DUPLICATE_METHOD_MATCH = YES;
				COPY_PHASE_STRIP = NO;
				DEBUG_INFORMATION_FORMAT = "dwarf-with-dsym";
				ENABLE_NS_ASSERTIONS = NO;
				ENABLE_STRICT_OBJC_MSGSEND = YES;
				GCC_C_LANGUAGE_STANDARD = gnu11;
				GCC_NO_COMMON_BLOCKS = YES;
				GCC_WARN_64_TO_32_BIT_CONVERSION = YES;
				GCC_WARN_ABOUT_RETURN_TYPE = YES_ERROR;
				GCC_WARN_UNDECLARED_SELECTOR = YES;
				GCC_WARN_UNINITIALIZED_AUTOS = YES_AGGRESSIVE;
				GCC_WARN_UNUSED_FUNCTION = YES;
				GCC_WARN_UNUSED_VARIABLE = YES;
				IPHONEOS_DEPLOYMENT_TARGET = 16.4;
				MTL_ENABLE_DEBUG_INFO = NO;
				MTL_FAST_MATH = YES;
				SDKROOT = iphoneos;
				SWIFT_COMPILATION_MODE = wholemodule;
				SWIFT_OPTIMIZATION_LEVEL = "-O";
				VALIDATE_PRODUCT = YES;
			};
			name = Release;
		};
		1F4DCF062A6B6BBD009BD829 /* Debug */ = {
			isa = XCBuildConfiguration;
			buildSettings = {
				ASSETCATALOG_COMPILER_APPICON_NAME = AppIcon;
				ASSETCATALOG_COMPILER_GLOBAL_ACCENT_COLOR_NAME = AccentColor;
				CODE_SIGN_STYLE = Automatic;
				CURRENT_PROJECT_VERSION = 1;
				DEVELOPMENT_ASSET_PATHS = "\"WalkiePokie/Preview Content\"";
				DEVELOPMENT_TEAM = WZB4P6J6U8;
				ENABLE_PREVIEWS = YES;
				GENERATE_INFOPLIST_FILE = YES;
				INFOPLIST_FILE = WalkiePokie/Info.plist;
				INFOPLIST_KEY_NSLocationWhenInUseUsageDescription = Location;
				INFOPLIST_KEY_UIApplicationSceneManifest_Generation = YES;
				INFOPLIST_KEY_UIApplicationSupportsIndirectInputEvents = YES;
				INFOPLIST_KEY_UILaunchScreen_Generation = YES;
				INFOPLIST_KEY_UISupportedInterfaceOrientations_iPad = "UIInterfaceOrientationPortrait UIInterfaceOrientationPortraitUpsideDown UIInterfaceOrientationLandscapeLeft UIInterfaceOrientationLandscapeRight";
				INFOPLIST_KEY_UISupportedInterfaceOrientations_iPhone = "UIInterfaceOrientationPortrait UIInterfaceOrientationLandscapeLeft UIInterfaceOrientationLandscapeRight";
				LD_RUNPATH_SEARCH_PATHS = (
					"$(inherited)",
					"@executable_path/Frameworks",
				);
				MARKETING_VERSION = 1.0;
				PRODUCT_BUNDLE_IDENTIFIER = com.esri.WalkiePokie;
				PRODUCT_NAME = "$(TARGET_NAME)";
				SWIFT_EMIT_LOC_STRINGS = YES;
				SWIFT_VERSION = 5.0;
				TARGETED_DEVICE_FAMILY = "1,2";
			};
			name = Debug;
		};
		1F4DCF072A6B6BBD009BD829 /* Release */ = {
			isa = XCBuildConfiguration;
			buildSettings = {
				ASSETCATALOG_COMPILER_APPICON_NAME = AppIcon;
				ASSETCATALOG_COMPILER_GLOBAL_ACCENT_COLOR_NAME = AccentColor;
				CODE_SIGN_STYLE = Automatic;
				CURRENT_PROJECT_VERSION = 1;
				DEVELOPMENT_ASSET_PATHS = "\"WalkiePokie/Preview Content\"";
				DEVELOPMENT_TEAM = WZB4P6J6U8;
				ENABLE_PREVIEWS = YES;
				GENERATE_INFOPLIST_FILE = YES;
				INFOPLIST_FILE = WalkiePokie/Info.plist;
				INFOPLIST_KEY_NSLocationWhenInUseUsageDescription = Location;
				INFOPLIST_KEY_UIApplicationSceneManifest_Generation = YES;
				INFOPLIST_KEY_UIApplicationSupportsIndirectInputEvents = YES;
				INFOPLIST_KEY_UILaunchScreen_Generation = YES;
				INFOPLIST_KEY_UISupportedInterfaceOrientations_iPad = "UIInterfaceOrientationPortrait UIInterfaceOrientationPortraitUpsideDown UIInterfaceOrientationLandscapeLeft UIInterfaceOrientationLandscapeRight";
				INFOPLIST_KEY_UISupportedInterfaceOrientations_iPhone = "UIInterfaceOrientationPortrait UIInterfaceOrientationLandscapeLeft UIInterfaceOrientationLandscapeRight";
				LD_RUNPATH_SEARCH_PATHS = (
					"$(inherited)",
					"@executable_path/Frameworks",
				);
				MARKETING_VERSION = 1.0;
				PRODUCT_BUNDLE_IDENTIFIER = com.esri.WalkiePokie;
				PRODUCT_NAME = "$(TARGET_NAME)";
				SWIFT_EMIT_LOC_STRINGS = YES;
				SWIFT_VERSION = 5.0;
				TARGETED_DEVICE_FAMILY = "1,2";
			};
			name = Release;
		};
		1F4DCF092A6B6BBD009BD829 /* Debug */ = {
			isa = XCBuildConfiguration;
			buildSettings = {
				ALWAYS_EMBED_SWIFT_STANDARD_LIBRARIES = YES;
				BUNDLE_LOADER = "$(TEST_HOST)";
				CODE_SIGN_STYLE = Automatic;
				CURRENT_PROJECT_VERSION = 1;
				DEVELOPMENT_TEAM = WZB4P6J6U8;
				GENERATE_INFOPLIST_FILE = YES;
				IPHONEOS_DEPLOYMENT_TARGET = 16.4;
				MARKETING_VERSION = 1.0;
				PRODUCT_BUNDLE_IDENTIFIER = com.esri.WalkiePokieTests;
				PRODUCT_NAME = "$(TARGET_NAME)";
				SWIFT_EMIT_LOC_STRINGS = NO;
				SWIFT_VERSION = 5.0;
				TARGETED_DEVICE_FAMILY = "1,2";
				TEST_HOST = "$(BUILT_PRODUCTS_DIR)/WalkiePokie.app/$(BUNDLE_EXECUTABLE_FOLDER_PATH)/WalkiePokie";
			};
			name = Debug;
		};
		1F4DCF0A2A6B6BBD009BD829 /* Release */ = {
			isa = XCBuildConfiguration;
			buildSettings = {
				ALWAYS_EMBED_SWIFT_STANDARD_LIBRARIES = YES;
				BUNDLE_LOADER = "$(TEST_HOST)";
				CODE_SIGN_STYLE = Automatic;
				CURRENT_PROJECT_VERSION = 1;
				DEVELOPMENT_TEAM = WZB4P6J6U8;
				GENERATE_INFOPLIST_FILE = YES;
				IPHONEOS_DEPLOYMENT_TARGET = 16.4;
				MARKETING_VERSION = 1.0;
				PRODUCT_BUNDLE_IDENTIFIER = com.esri.WalkiePokieTests;
				PRODUCT_NAME = "$(TARGET_NAME)";
				SWIFT_EMIT_LOC_STRINGS = NO;
				SWIFT_VERSION = 5.0;
				TARGETED_DEVICE_FAMILY = "1,2";
				TEST_HOST = "$(BUILT_PRODUCTS_DIR)/WalkiePokie.app/$(BUNDLE_EXECUTABLE_FOLDER_PATH)/WalkiePokie";
			};
			name = Release;
		};
		1F4DCF0C2A6B6BBD009BD829 /* Debug */ = {
			isa = XCBuildConfiguration;
			buildSettings = {
				ALWAYS_EMBED_SWIFT_STANDARD_LIBRARIES = YES;
				CODE_SIGN_STYLE = Automatic;
				CURRENT_PROJECT_VERSION = 1;
				DEVELOPMENT_TEAM = WZB4P6J6U8;
				GENERATE_INFOPLIST_FILE = YES;
				MARKETING_VERSION = 1.0;
				PRODUCT_BUNDLE_IDENTIFIER = com.esri.WalkiePokieUITests;
				PRODUCT_NAME = "$(TARGET_NAME)";
				SWIFT_EMIT_LOC_STRINGS = NO;
				SWIFT_VERSION = 5.0;
				TARGETED_DEVICE_FAMILY = "1,2";
				TEST_TARGET_NAME = WalkiePokie;
			};
			name = Debug;
		};
		1F4DCF0D2A6B6BBD009BD829 /* Release */ = {
			isa = XCBuildConfiguration;
			buildSettings = {
				ALWAYS_EMBED_SWIFT_STANDARD_LIBRARIES = YES;
				CODE_SIGN_STYLE = Automatic;
				CURRENT_PROJECT_VERSION = 1;
				DEVELOPMENT_TEAM = WZB4P6J6U8;
				GENERATE_INFOPLIST_FILE = YES;
				MARKETING_VERSION = 1.0;
				PRODUCT_BUNDLE_IDENTIFIER = com.esri.WalkiePokieUITests;
				PRODUCT_NAME = "$(TARGET_NAME)";
				SWIFT_EMIT_LOC_STRINGS = NO;
				SWIFT_VERSION = 5.0;
				TARGETED_DEVICE_FAMILY = "1,2";
				TEST_TARGET_NAME = WalkiePokie;
			};
			name = Release;
		};
/* End XCBuildConfiguration section */

/* Begin XCConfigurationList section */
		1F4DCEDC2A6B6BBC009BD829 /* Build configuration list for PBXProject "WalkiePokie" */ = {
			isa = XCConfigurationList;
			buildConfigurations = (
				1F4DCF032A6B6BBD009BD829 /* Debug */,
				1F4DCF042A6B6BBD009BD829 /* Release */,
			);
			defaultConfigurationIsVisible = 0;
			defaultConfigurationName = Release;
		};
		1F4DCF052A6B6BBD009BD829 /* Build configuration list for PBXNativeTarget "WalkiePokie" */ = {
			isa = XCConfigurationList;
			buildConfigurations = (
				1F4DCF062A6B6BBD009BD829 /* Debug */,
				1F4DCF072A6B6BBD009BD829 /* Release */,
			);
			defaultConfigurationIsVisible = 0;
			defaultConfigurationName = Release;
		};
		1F4DCF082A6B6BBD009BD829 /* Build configuration list for PBXNativeTarget "WalkiePokieTests" */ = {
			isa = XCConfigurationList;
			buildConfigurations = (
				1F4DCF092A6B6BBD009BD829 /* Debug */,
				1F4DCF0A2A6B6BBD009BD829 /* Release */,
			);
			defaultConfigurationIsVisible = 0;
			defaultConfigurationName = Release;
		};
		1F4DCF0B2A6B6BBD009BD829 /* Build configuration list for PBXNativeTarget "WalkiePokieUITests" */ = {
			isa = XCConfigurationList;
			buildConfigurations = (
				1F4DCF0C2A6B6BBD009BD829 /* Debug */,
				1F4DCF0D2A6B6BBD009BD829 /* Release */,
			);
			defaultConfigurationIsVisible = 0;
			defaultConfigurationName = Release;
		};
/* End XCConfigurationList section */

/* Begin XCRemoteSwiftPackageReference section */
		1F4DCF132A6B7481009BD829 /* XCRemoteSwiftPackageReference "arcgis-maps-sdk-swift" */ = {
			isa = XCRemoteSwiftPackageReference;
			repositoryURL = "https://github.com/esri/arcgis-maps-sdk-swift";
			requirement = {
				kind = upToNextMajorVersion;
				minimumVersion = 200.0.0;
			};
		};
		1FEA9F0F2A6CE4F200ECE56D /* XCRemoteSwiftPackageReference "SDWebImageSwiftUI" */ = {
			isa = XCRemoteSwiftPackageReference;
			repositoryURL = "https://github.com/SDWebImage/SDWebImageSwiftUI";
			requirement = {
				kind = upToNextMajorVersion;
				minimumVersion = 2.0.0;
			};
		};
/* End XCRemoteSwiftPackageReference section */

/* Begin XCSwiftPackageProductDependency section */
		1F4DCF142A6B7481009BD829 /* ArcGIS */ = {
			isa = XCSwiftPackageProductDependency;
			package = 1F4DCF132A6B7481009BD829 /* XCRemoteSwiftPackageReference "arcgis-maps-sdk-swift" */;
			productName = ArcGIS;
		};
		1FEA9F102A6CE4F200ECE56D /* SDWebImageSwiftUI */ = {
			isa = XCSwiftPackageProductDependency;
			package = 1FEA9F0F2A6CE4F200ECE56D /* XCRemoteSwiftPackageReference "SDWebImageSwiftUI" */;
			productName = SDWebImageSwiftUI;
		};
/* End XCSwiftPackageProductDependency section */
	};
	rootObject = 1F4DCED92A6B6BBC009BD829 /* Project object */;
}
